
Microsoft Visual Studio Solution File, Format Version 12.00
# Visual Studio 2012
Project("{FAE04EC0-301F-11D3-BF4B-00C04F79EFBC}") = "K12.Service.Learning.SLRMultiReport", "K12.Service.Learning.SLRMultiReport\K12.Service.Learning.SLRMultiReport.csproj", "{F8FA067A-527B-4153-844C-4A9D09D5ECBE}"
EndProject
Global
	GlobalSection(SolutionConfigurationPlatforms) = preSolution
		Debug|Any CPU = Debug|Any CPU
		Release|Any CPU = Release|Any CPU
	EndGlobalSection
	GlobalSection(ProjectConfigurationPlatforms) = postSolution
		{F8FA067A-527B-4153-844C-4A9D09D5ECBE}.Debug|Any CPU.ActiveCfg = Debug|Any CPU
		{F8FA067A-527B-4153-844C-4A9D09D5ECBE}.Debug|Any CPU.Build.0 = Debug|Any CPU
		{F8FA067A-527B-4153-844C-4A9D09D5ECBE}.Release|Any CPU.ActiveCfg = Release|Any CPU
		{F8FA067A-527B-4153-844C-4A9D09D5ECBE}.Release|Any CPU.Build.0 = Release|Any CPU
	EndGlobalSection
	GlobalSection(SolutionProperties) = preSolution
		HideSolutionNode = FALSE
	EndGlobalSection
EndGlobal
